
Microsoft Visual Studio Solution File, Format Version 12.00
# Visual Studio Version 17
VisualStudioVersion = 17.0.31903.59
MinimumVisualStudioVersion = 10.0.40219.1
Project("{2150E333-8FDC-42A3-9474-1A3956D46DE8}") = "src", "src", "{827E0CD3-B72D-47B6-A68D-7590B98EB39B}"
EndProject
Project("{FAE04EC0-301F-11D3-BF4B-00C04F79EFBC}") = "SaveSenseAI.Domain", "src\SaveSenseAI.Domain\SaveSenseAI.Domain.csproj", "{82488DBF-6741-4926-93AD-9A7A05F199A7}"
EndProject
Project("{FAE04EC0-301F-11D3-BF4B-00C04F79EFBC}") = "SaveSenseAI.Application", "src\SaveSenseAI.Application\SaveSenseAI.Application.csproj", "{84183337-CE98-4785-B6BA-F17E7216972B}"
EndProject
Project("{FAE04EC0-301F-11D3-BF4B-00C04F79EFBC}") = "SaveSenseAI.Infrastructure", "src\SaveSenseAI.Infrastructure\SaveSenseAI.Infrastructure.csproj", "{2FEA6990-BF87-4B1B-A90C-3A00944DF330}"
EndProject
Project("{FAE04EC0-301F-11D3-BF4B-00C04F79EFBC}") = "SaveSenseAI.API", "src\SaveSenseAI.API\SaveSenseAI.API.csproj", "{AFD85918-F348-43E5-AF5D-589484A265B5}"
EndProject
Project("{2150E333-8FDC-42A3-9474-1A3956D46DE8}") = "tests", "tests", "{0AB3BF05-4346-4AA6-1389-037BE0695223}"
EndProject
Project("{FAE04EC0-301F-11D3-BF4B-00C04F79EFBC}") = "SaveSenseAI.Domain.UnitTests", "tests\SaveSenseAI.Domain.UnitTests\SaveSenseAI.Domain.UnitTests.csproj", "{F2370762-2EAC-4B17-B414-54573D654F2D}"
EndProject
Project("{FAE04EC0-301F-11D3-BF4B-00C04F79EFBC}") = "SaveSenseAI.Application.UnitTests", "tests\SaveSenseAI.Application.UnitTests\SaveSenseAI.Application.UnitTests.csproj", "{A9C08B89-4475-4ED5-909D-20936D084C97}"
EndProject
Project("{FAE04EC0-301F-11D3-BF4B-00C04F79EFBC}") = "SaveSenseAI.Infrastructure.IntegrationTests", "tests\SaveSenseAI.Infrastructure.IntegrationTests\SaveSenseAI.Infrastructure.IntegrationTests.csproj", "{13B795B6-EE98-43D2-815E-C7EB3A878D0F}"
EndProject
Project("{FAE04EC0-301F-11D3-BF4B-00C04F79EFBC}") = "SaveSenseAI.Infrastructure.UnitTests", "tests\SaveSenseAI.Infrastructure.UnitTests\SaveSenseAI.Infrastructure.UnitTests.csproj", "{E04F3111-0684-48BF-BF13-51F3F0222638}"
EndProject
Project("{FAE04EC0-301F-11D3-BF4B-00C04F79EFBC}") = "SaveSenseAI.API.UnitTests", "tests\SaveSenseAI.API.UnitTests\SaveSenseAI.API.UnitTests.csproj", "{E1A93E04-38F6-4E05-8E1D-4AE60B178186}"
EndProject
Global
	GlobalSection(SolutionConfigurationPlatforms) = preSolution
		Debug|Any CPU = Debug|Any CPU
		Debug|x64 = Debug|x64
		Debug|x86 = Debug|x86
		Release|Any CPU = Release|Any CPU
		Release|x64 = Release|x64
		Release|x86 = Release|x86
	EndGlobalSection
	GlobalSection(ProjectConfigurationPlatforms) = postSolution
		{82488DBF-6741-4926-93AD-9A7A05F199A7}.Debug|Any CPU.ActiveCfg = Debug|Any CPU
		{82488DBF-6741-4926-93AD-9A7A05F199A7}.Debug|Any CPU.Build.0 = Debug|Any CPU
		{82488DBF-6741-4926-93AD-9A7A05F199A7}.Debug|x64.ActiveCfg = Debug|Any CPU
		{82488DBF-6741-4926-93AD-9A7A05F199A7}.Debug|x64.Build.0 = Debug|Any CPU
		{82488DBF-6741-4926-93AD-9A7A05F199A7}.Debug|x86.ActiveCfg = Debug|Any CPU
		{82488DBF-6741-4926-93AD-9A7A05F199A7}.Debug|x86.Build.0 = Debug|Any CPU
		{82488DBF-6741-4926-93AD-9A7A05F199A7}.Release|Any CPU.ActiveCfg = Release|Any CPU
		{82488DBF-6741-4926-93AD-9A7A05F199A7}.Release|Any CPU.Build.0 = Release|Any CPU
		{82488DBF-6741-4926-93AD-9A7A05F199A7}.Release|x64.ActiveCfg = Release|Any CPU
		{82488DBF-6741-4926-93AD-9A7A05F199A7}.Release|x64.Build.0 = Release|Any CPU
		{82488DBF-6741-4926-93AD-9A7A05F199A7}.Release|x86.ActiveCfg = Release|Any CPU
		{82488DBF-6741-4926-93AD-9A7A05F199A7}.Release|x86.Build.0 = Release|Any CPU
		{84183337-CE98-4785-B6BA-F17E7216972B}.Debug|Any CPU.ActiveCfg = Debug|Any CPU
		{84183337-CE98-4785-B6BA-F17E7216972B}.Debug|Any CPU.Build.0 = Debug|Any CPU
		{84183337-CE98-4785-B6BA-F17E7216972B}.Debug|x64.ActiveCfg = Debug|Any CPU
		{84183337-CE98-4785-B6BA-F17E7216972B}.Debug|x64.Build.0 = Debug|Any CPU
		{84183337-CE98-4785-B6BA-F17E7216972B}.Debug|x86.ActiveCfg = Debug|Any CPU
		{84183337-CE98-4785-B6BA-F17E7216972B}.Debug|x86.Build.0 = Debug|Any CPU
		{84183337-CE98-4785-B6BA-F17E7216972B}.Release|Any CPU.ActiveCfg = Release|Any CPU
		{84183337-CE98-4785-B6BA-F17E7216972B}.Release|Any CPU.Build.0 = Release|Any CPU
		{84183337-CE98-4785-B6BA-F17E7216972B}.Release|x64.ActiveCfg = Release|Any CPU
		{84183337-CE98-4785-B6BA-F17E7216972B}.Release|x64.Build.0 = Release|Any CPU
		{84183337-CE98-4785-B6BA-F17E7216972B}.Release|x86.ActiveCfg = Release|Any CPU
		{84183337-CE98-4785-B6BA-F17E7216972B}.Release|x86.Build.0 = Release|Any CPU
		{2FEA6990-BF87-4B1B-A90C-3A00944DF330}.Debug|Any CPU.ActiveCfg = Debug|Any CPU
		{2FEA6990-BF87-4B1B-A90C-3A00944DF330}.Debug|Any CPU.Build.0 = Debug|Any CPU
		{2FEA6990-BF87-4B1B-A90C-3A00944DF330}.Debug|x64.ActiveCfg = Debug|Any CPU
		{2FEA6990-BF87-4B1B-A90C-3A00944DF330}.Debug|x64.Build.0 = Debug|Any CPU
		{2FEA6990-BF87-4B1B-A90C-3A00944DF330}.Debug|x86.ActiveCfg = Debug|Any CPU
		{2FEA6990-BF87-4B1B-A90C-3A00944DF330}.Debug|x86.Build.0 = Debug|Any CPU
		{2FEA6990-BF87-4B1B-A90C-3A00944DF330}.Release|Any CPU.ActiveCfg = Release|Any CPU
		{2FEA6990-BF87-4B1B-A90C-3A00944DF330}.Release|Any CPU.Build.0 = Release|Any CPU
		{2FEA6990-BF87-4B1B-A90C-3A00944DF330}.Release|x64.ActiveCfg = Release|Any CPU
		{2FEA6990-BF87-4B1B-A90C-3A00944DF330}.Release|x64.Build.0 = Release|Any CPU
		{2FEA6990-BF87-4B1B-A90C-3A00944DF330}.Release|x86.ActiveCfg = Release|Any CPU
		{2FEA6990-BF87-4B1B-A90C-3A00944DF330}.Release|x86.Build.0 = Release|Any CPU
		{AFD85918-F348-43E5-AF5D-589484A265B5}.Debug|Any CPU.ActiveCfg = Debug|Any CPU
		{AFD85918-F348-43E5-AF5D-589484A265B5}.Debug|Any CPU.Build.0 = Debug|Any CPU
		{AFD85918-F348-43E5-AF5D-589484A265B5}.Debug|x64.ActiveCfg = Debug|Any CPU
		{AFD85918-F348-43E5-AF5D-589484A265B5}.Debug|x64.Build.0 = Debug|Any CPU
		{AFD85918-F348-43E5-AF5D-589484A265B5}.Debug|x86.ActiveCfg = Debug|Any CPU
		{AFD85918-F348-43E5-AF5D-589484A265B5}.Debug|x86.Build.0 = Debug|Any CPU
		{AFD85918-F348-43E5-AF5D-589484A265B5}.Release|Any CPU.ActiveCfg = Release|Any CPU
		{AFD85918-F348-43E5-AF5D-589484A265B5}.Release|Any CPU.Build.0 = Release|Any CPU
		{AFD85918-F348-43E5-AF5D-589484A265B5}.Release|x64.ActiveCfg = Release|Any CPU
		{AFD85918-F348-43E5-AF5D-589484A265B5}.Release|x64.Build.0 = Release|Any CPU
		{AFD85918-F348-43E5-AF5D-589484A265B5}.Release|x86.ActiveCfg = Release|Any CPU
		{AFD85918-F348-43E5-AF5D-589484A265B5}.Release|x86.Build.0 = Release|Any CPU
		{F2370762-2EAC-4B17-B414-54573D654F2D}.Debug|Any CPU.ActiveCfg = Debug|Any CPU
		{F2370762-2EAC-4B17-B414-54573D654F2D}.Debug|Any CPU.Build.0 = Debug|Any CPU
		{F2370762-2EAC-4B17-B414-54573D654F2D}.Debug|x64.ActiveCfg = Debug|Any CPU
		{F2370762-2EAC-4B17-B414-54573D654F2D}.Debug|x64.Build.0 = Debug|Any CPU
		{F2370762-2EAC-4B17-B414-54573D654F2D}.Debug|x86.ActiveCfg = Debug|Any CPU
		{F2370762-2EAC-4B17-B414-54573D654F2D}.Debug|x86.Build.0 = Debug|Any CPU
		{F2370762-2EAC-4B17-B414-54573D654F2D}.Release|Any CPU.ActiveCfg = Release|Any CPU
		{F2370762-2EAC-4B17-B414-54573D654F2D}.Release|Any CPU.Build.0 = Release|Any CPU
		{F2370762-2EAC-4B17-B414-54573D654F2D}.Release|x64.ActiveCfg = Release|Any CPU
		{F2370762-2EAC-4B17-B414-54573D654F2D}.Release|x64.Build.0 = Release|Any CPU
		{F2370762-2EAC-4B17-B414-54573D654F2D}.Release|x86.ActiveCfg = Release|Any CPU
		{F2370762-2EAC-4B17-B414-54573D654F2D}.Release|x86.Build.0 = Release|Any CPU
		{A9C08B89-4475-4ED5-909D-20936D084C97}.Debug|Any CPU.ActiveCfg = Debug|Any CPU
		{A9C08B89-4475-4ED5-909D-20936D084C97}.Debug|Any CPU.Build.0 = Debug|Any CPU
		{A9C08B89-4475-4ED5-909D-20936D084C97}.Debug|x64.ActiveCfg = Debug|Any CPU
		{A9C08B89-4475-4ED5-909D-20936D084C97}.Debug|x64.Build.0 = Debug|Any CPU
		{A9C08B89-4475-4ED5-909D-20936D084C97}.Debug|x86.ActiveCfg = Debug|Any CPU
		{A9C08B89-4475-4ED5-909D-20936D084C97}.Debug|x86.Build.0 = Debug|Any CPU
		{A9C08B89-4475-4ED5-909D-20936D084C97}.Release|Any CPU.ActiveCfg = Release|Any CPU
		{A9C08B89-4475-4ED5-909D-20936D084C97}.Release|Any CPU.Build.0 = Release|Any CPU
		{A9C08B89-4475-4ED5-909D-20936D084C97}.Release|x64.ActiveCfg = Release|Any CPU
		{A9C08B89-4475-4ED5-909D-20936D084C97}.Release|x64.Build.0 = Release|Any CPU
		{A9C08B89-4475-4ED5-909D-20936D084C97}.Release|x86.ActiveCfg = Release|Any CPU
		{A9C08B89-4475-4ED5-909D-20936D084C97}.Release|x86.Build.0 = Release|Any CPU
		{13B795B6-EE98-43D2-815E-C7EB3A878D0F}.Debug|Any CPU.ActiveCfg = Debug|Any CPU
		{13B795B6-EE98-43D2-815E-C7EB3A878D0F}.Debug|Any CPU.Build.0 = Debug|Any CPU
		{13B795B6-EE98-43D2-815E-C7EB3A878D0F}.Debug|x64.ActiveCfg = Debug|Any CPU
		{13B795B6-EE98-43D2-815E-C7EB3A878D0F}.Debug|x64.Build.0 = Debug|Any CPU
		{13B795B6-EE98-43D2-815E-C7EB3A878D0F}.Debug|x86.ActiveCfg = Debug|Any CPU
		{13B795B6-EE98-43D2-815E-C7EB3A878D0F}.Debug|x86.Build.0 = Debug|Any CPU
		{13B795B6-EE98-43D2-815E-C7EB3A878D0F}.Release|Any CPU.ActiveCfg = Release|Any CPU
		{13B795B6-EE98-43D2-815E-C7EB3A878D0F}.Release|Any CPU.Build.0 = Release|Any CPU
		{13B795B6-EE98-43D2-815E-C7EB3A878D0F}.Release|x64.ActiveCfg = Release|Any CPU
		{13B795B6-EE98-43D2-815E-C7EB3A878D0F}.Release|x64.Build.0 = Release|Any CPU
		{13B795B6-EE98-43D2-815E-C7EB3A878D0F}.Release|x86.ActiveCfg = Release|Any CPU
		{13B795B6-EE98-43D2-815E-C7EB3A878D0F}.Release|x86.Build.0 = Release|Any CPU
		{E04F3111-0684-48BF-BF13-51F3F0222638}.Debug|Any CPU.ActiveCfg = Debug|Any CPU
		{E04F3111-0684-48BF-BF13-51F3F0222638}.Debug|Any CPU.Build.0 = Debug|Any CPU
		{E04F3111-0684-48BF-BF13-51F3F0222638}.Debug|x64.ActiveCfg = Debug|Any CPU
		{E04F3111-0684-48BF-BF13-51F3F0222638}.Debug|x64.Build.0 = Debug|Any CPU
		{E04F3111-0684-48BF-BF13-51F3F0222638}.Debug|x86.ActiveCfg = Debug|Any CPU
		{E04F3111-0684-48BF-BF13-51F3F0222638}.Debug|x86.Build.0 = Debug|Any CPU
		{E04F3111-0684-48BF-BF13-51F3F0222638}.Release|Any CPU.ActiveCfg = Release|Any CPU
		{E04F3111-0684-48BF-BF13-51F3F0222638}.Release|Any CPU.Build.0 = Release|Any CPU
		{E04F3111-0684-48BF-BF13-51F3F0222638}.Release|x64.ActiveCfg = Release|Any CPU
		{E04F3111-0684-48BF-BF13-51F3F0222638}.Release|x64.Build.0 = Release|Any CPU
		{E04F3111-0684-48BF-BF13-51F3F0222638}.Release|x86.ActiveCfg = Release|Any CPU
		{E04F3111-0684-48BF-BF13-51F3F0222638}.Release|x86.Build.0 = Release|Any CPU
		{E1A93E04-38F6-4E05-8E1D-4AE60B178186}.Debug|Any CPU.ActiveCfg = Debug|Any CPU
		{E1A93E04-38F6-4E05-8E1D-4AE60B178186}.Debug|Any CPU.Build.0 = Debug|Any CPU
		{E1A93E04-38F6-4E05-8E1D-4AE60B178186}.Debug|x64.ActiveCfg = Debug|Any CPU
		{E1A93E04-38F6-4E05-8E1D-4AE60B178186}.Debug|x64.Build.0 = Debug|Any CPU
		{E1A93E04-38F6-4E05-8E1D-4AE60B178186}.Debug|x86.ActiveCfg = Debug|Any CPU
		{E1A93E04-38F6-4E05-8E1D-4AE60B178186}.Debug|x86.Build.0 = Debug|Any CPU
		{E1A93E04-38F6-4E05-8E1D-4AE60B178186}.Release|Any CPU.ActiveCfg = Release|Any CPU
		{E1A93E04-38F6-4E05-8E1D-4AE60B178186}.Release|Any CPU.Build.0 = Release|Any CPU
		{E1A93E04-38F6-4E05-8E1D-4AE60B178186}.Release|x64.ActiveCfg = Release|Any CPU
		{E1A93E04-38F6-4E05-8E1D-4AE60B178186}.Release|x64.Build.0 = Release|Any CPU
		{E1A93E04-38F6-4E05-8E1D-4AE60B178186}.Release|x86.ActiveCfg = Release|Any CPU
		{E1A93E04-38F6-4E05-8E1D-4AE60B178186}.Release|x86.Build.0 = Release|Any CPU
	EndGlobalSection
	GlobalSection(SolutionProperties) = preSolution
		HideSolutionNode = FALSE
	EndGlobalSection
	GlobalSection(NestedProjects) = preSolution
		{82488DBF-6741-4926-93AD-9A7A05F199A7} = {827E0CD3-B72D-47B6-A68D-7590B98EB39B}
		{84183337-CE98-4785-B6BA-F17E7216972B} = {827E0CD3-B72D-47B6-A68D-7590B98EB39B}
		{2FEA6990-BF87-4B1B-A90C-3A00944DF330} = {827E0CD3-B72D-47B6-A68D-7590B98EB39B}
		{AFD85918-F348-43E5-AF5D-589484A265B5} = {827E0CD3-B72D-47B6-A68D-7590B98EB39B}
		{F2370762-2EAC-4B17-B414-54573D654F2D} = {0AB3BF05-4346-4AA6-1389-037BE0695223}
		{A9C08B89-4475-4ED5-909D-20936D084C97} = {0AB3BF05-4346-4AA6-1389-037BE0695223}
		{13B795B6-EE98-43D2-815E-C7EB3A878D0F} = {0AB3BF05-4346-4AA6-1389-037BE0695223}
		{E04F3111-0684-48BF-BF13-51F3F0222638} = {0AB3BF05-4346-4AA6-1389-037BE0695223}
		{E1A93E04-38F6-4E05-8E1D-4AE60B178186} = {0AB3BF05-4346-4AA6-1389-037BE0695223}
	EndGlobalSection
EndGlobal
